
Microsoft Visual Studio Solution File, Format Version 12.00
# Visual Studio 2013
VisualStudioVersion = 12.0.30110.0
MinimumVisualStudioVersion = 10.0.40219.1
Project("{FAE04EC0-301F-11D3-BF4B-00C04F79EFBC}") = "BlogEngine.NET", "BlogEngine.NET\BlogEngine.NET.csproj", "{5F3C7419-FA8B-4563-850A-C56B324CF18A}"
EndProject
Project("{FAE04EC0-301F-11D3-BF4B-00C04F79EFBC}") = "BlogEngine.Core", "BlogEngine.Core\BlogEngine.Core.csproj", "{9ED9914A-FB6E-4D21-8C71-9122E8C3076B}"
EndProject
Project("{FAE04EC0-301F-11D3-BF4B-00C04F79EFBC}") = "BlogEngine.Tests", "BlogEngine.Tests\BlogEngine.Tests.csproj", "{7011BC76-BB91-4D2B-8B83-F810A16950CD}"
EndProject
Global
	GlobalSection(SolutionConfigurationPlatforms) = preSolution
		Debug|Any CPU = Debug|Any CPU
		Release|Any CPU = Release|Any CPU
	EndGlobalSection
	GlobalSection(ProjectConfigurationPlatforms) = postSolution
		{5F3C7419-FA8B-4563-850A-C56B324CF18A}.Debug|Any CPU.ActiveCfg = Debug|Any CPU
		{5F3C7419-FA8B-4563-850A-C56B324CF18A}.Debug|Any CPU.Build.0 = Debug|Any CPU
		{5F3C7419-FA8B-4563-850A-C56B324CF18A}.Release|Any CPU.ActiveCfg = Release|Any CPU
		{5F3C7419-FA8B-4563-850A-C56B324CF18A}.Release|Any CPU.Build.0 = Release|Any CPU
		{9ED9914A-FB6E-4D21-8C71-9122E8C3076B}.Debug|Any CPU.ActiveCfg = Debug|Any CPU
		{9ED9914A-FB6E-4D21-8C71-9122E8C3076B}.Debug|Any CPU.Build.0 = Debug|Any CPU
		{9ED9914A-FB6E-4D21-8C71-9122E8C3076B}.Release|Any CPU.ActiveCfg = Release|Any CPU
		{9ED9914A-FB6E-4D21-8C71-9122E8C3076B}.Release|Any CPU.Build.0 = Release|Any CPU
		{7011BC76-BB91-4D2B-8B83-F810A16950CD}.Debug|Any CPU.ActiveCfg = Debug|Any CPU
		{7011BC76-BB91-4D2B-8B83-F810A16950CD}.Debug|Any CPU.Build.0 = Debug|Any CPU
		{7011BC76-BB91-4D2B-8B83-F810A16950CD}.Release|Any CPU.ActiveCfg = Release|Any CPU
		{7011BC76-BB91-4D2B-8B83-F810A16950CD}.Release|Any CPU.Build.0 = Release|Any CPU
	EndGlobalSection
	GlobalSection(SolutionProperties) = preSolution
		HideSolutionNode = FALSE
	EndGlobalSection
EndGlobal
