
Microsoft Visual Studio Solution File, Format Version 12.00
# Visual Studio 15
VisualStudioVersion = 15.0.28010.2026
MinimumVisualStudioVersion = 10.0.40219.1
Project("{FAE04EC0-301F-11D3-BF4B-00C04F79EFBC}") = "BlogEngine.NET", "BlogEngine.NET\BlogEngine.NET.csproj", "{5F3C7419-FA8B-4563-850A-C56B324CF18A}"
EndProject
Project("{FAE04EC0-301F-11D3-BF4B-00C04F79EFBC}") = "BlogEngine.Core", "BlogEngine.Core\BlogEngine.Core.csproj", "{9ED9914A-FB6E-4D21-8C71-9122E8C3076B}"
EndProject
Project("{FAE04EC0-301F-11D3-BF4B-00C04F79EFBC}") = "BlogEngine.Tests", "BlogEngine.Tests\BlogEngine.Tests.csproj", "{7011BC76-BB91-4D2B-8B83-F810A16950CD}"
EndProject
Project("{FAE04EC0-301F-11D3-BF4B-00C04F79EFBC}") = "Adventure.Common", "Adventure.Common\Adventure.Common.csproj", "{50E669A2-C959-47A4-BDD9-DFD23A76D61D}"
EndProject
Project("{9A19103F-16F7-4668-BE54-9A1E7A4F7556}") = "Adventure.Tests", "Adventure.Tests\Adventure.Tests.csproj", "{3B3AC37F-4338-491E-B632-C53021F37E91}"
EndProject
Project("{FAE04EC0-301F-11D3-BF4B-00C04F79EFBC}") = "BlogEngine.Wiki", "BlogEngine.Wiki\BlogEngine.Wiki.csproj", "{A70F3293-C041-4D2A-827C-D8ADB8D81D7A}"
EndProject
Project("{FAE04EC0-301F-11D3-BF4B-00C04F79EFBC}") = "BlogEngine.Wiki.Test", "BlogEngine.Wiki.Test\BlogEngine.Wiki.Test.csproj", "{EDB3C963-FB01-4D4D-B463-43D491CC8CDD}"
EndProject
Project("{FAE04EC0-301F-11D3-BF4B-00C04F79EFBC}") = "Gwn.BlogEngine.Library", "Gwn.BlogEngine.Library\Gwn.BlogEngine.Library.csproj", "{2CDC075D-B71C-40C2-852C-2A47A43D3847}"
EndProject
Global
	GlobalSection(SolutionConfigurationPlatforms) = preSolution
		Debug|Any CPU = Debug|Any CPU
		Release|Any CPU = Release|Any CPU
	EndGlobalSection
	GlobalSection(ProjectConfigurationPlatforms) = postSolution
		{5F3C7419-FA8B-4563-850A-C56B324CF18A}.Debug|Any CPU.ActiveCfg = Debug|Any CPU
		{5F3C7419-FA8B-4563-850A-C56B324CF18A}.Debug|Any CPU.Build.0 = Debug|Any CPU
		{5F3C7419-FA8B-4563-850A-C56B324CF18A}.Release|Any CPU.ActiveCfg = Release|Any CPU
		{5F3C7419-FA8B-4563-850A-C56B324CF18A}.Release|Any CPU.Build.0 = Release|Any CPU
		{9ED9914A-FB6E-4D21-8C71-9122E8C3076B}.Debug|Any CPU.ActiveCfg = Debug|Any CPU
		{9ED9914A-FB6E-4D21-8C71-9122E8C3076B}.Debug|Any CPU.Build.0 = Debug|Any CPU
		{9ED9914A-FB6E-4D21-8C71-9122E8C3076B}.Release|Any CPU.ActiveCfg = Release|Any CPU
		{9ED9914A-FB6E-4D21-8C71-9122E8C3076B}.Release|Any CPU.Build.0 = Release|Any CPU
		{7011BC76-BB91-4D2B-8B83-F810A16950CD}.Debug|Any CPU.ActiveCfg = Debug|Any CPU
		{7011BC76-BB91-4D2B-8B83-F810A16950CD}.Debug|Any CPU.Build.0 = Debug|Any CPU
		{7011BC76-BB91-4D2B-8B83-F810A16950CD}.Release|Any CPU.ActiveCfg = Release|Any CPU
		{7011BC76-BB91-4D2B-8B83-F810A16950CD}.Release|Any CPU.Build.0 = Release|Any CPU
		{50E669A2-C959-47A4-BDD9-DFD23A76D61D}.Debug|Any CPU.ActiveCfg = Debug|Any CPU
		{50E669A2-C959-47A4-BDD9-DFD23A76D61D}.Debug|Any CPU.Build.0 = Debug|Any CPU
		{50E669A2-C959-47A4-BDD9-DFD23A76D61D}.Release|Any CPU.ActiveCfg = Release|Any CPU
		{50E669A2-C959-47A4-BDD9-DFD23A76D61D}.Release|Any CPU.Build.0 = Release|Any CPU
		{3B3AC37F-4338-491E-B632-C53021F37E91}.Debug|Any CPU.ActiveCfg = Debug|Any CPU
		{3B3AC37F-4338-491E-B632-C53021F37E91}.Debug|Any CPU.Build.0 = Debug|Any CPU
		{3B3AC37F-4338-491E-B632-C53021F37E91}.Release|Any CPU.ActiveCfg = Release|Any CPU
		{3B3AC37F-4338-491E-B632-C53021F37E91}.Release|Any CPU.Build.0 = Release|Any CPU
		{A70F3293-C041-4D2A-827C-D8ADB8D81D7A}.Debug|Any CPU.ActiveCfg = Debug|Any CPU
		{A70F3293-C041-4D2A-827C-D8ADB8D81D7A}.Debug|Any CPU.Build.0 = Debug|Any CPU
		{A70F3293-C041-4D2A-827C-D8ADB8D81D7A}.Release|Any CPU.ActiveCfg = Release|Any CPU
		{A70F3293-C041-4D2A-827C-D8ADB8D81D7A}.Release|Any CPU.Build.0 = Release|Any CPU
		{EDB3C963-FB01-4D4D-B463-43D491CC8CDD}.Debug|Any CPU.ActiveCfg = Debug|Any CPU
		{EDB3C963-FB01-4D4D-B463-43D491CC8CDD}.Debug|Any CPU.Build.0 = Debug|Any CPU
		{EDB3C963-FB01-4D4D-B463-43D491CC8CDD}.Release|Any CPU.ActiveCfg = Release|Any CPU
		{EDB3C963-FB01-4D4D-B463-43D491CC8CDD}.Release|Any CPU.Build.0 = Release|Any CPU
		{2CDC075D-B71C-40C2-852C-2A47A43D3847}.Debug|Any CPU.ActiveCfg = Debug|Any CPU
		{2CDC075D-B71C-40C2-852C-2A47A43D3847}.Debug|Any CPU.Build.0 = Debug|Any CPU
		{2CDC075D-B71C-40C2-852C-2A47A43D3847}.Release|Any CPU.ActiveCfg = Release|Any CPU
		{2CDC075D-B71C-40C2-852C-2A47A43D3847}.Release|Any CPU.Build.0 = Release|Any CPU
	EndGlobalSection
	GlobalSection(SolutionProperties) = preSolution
		HideSolutionNode = FALSE
	EndGlobalSection
	GlobalSection(ExtensibilityGlobals) = postSolution
		SolutionGuid = {C0B26E56-7E44-4150-A163-E2A5E2347FDE}
	EndGlobalSection
EndGlobal
